
Microsoft Visual Studio Solution File, Format Version 12.00
# Visual Studio Version 17
VisualStudioVersion = 17.5.33516.290
MinimumVisualStudioVersion = 10.0.40219.1
Project("{FAE04EC0-301F-11D3-BF4B-00C04F79EFBC}") = "coffee-cashier", "coffee-cashier\coffee-cashier.csproj", "{D85299A8-D8C1-4E37-A60E-FC13800A61B9}"
EndProject
Global
	GlobalSection(SolutionConfigurationPlatforms) = preSolution
		Debug|Any CPU = Debug|Any CPU
		Release|Any CPU = Release|Any CPU
	EndGlobalSection
	GlobalSection(ProjectConfigurationPlatforms) = postSolution
		{D85299A8-D8C1-4E37-A60E-FC13800A61B9}.Debug|Any CPU.ActiveCfg = Debug|Any CPU
		{D85299A8-D8C1-4E37-A60E-FC13800A61B9}.Debug|Any CPU.Build.0 = Debug|Any CPU
		{D85299A8-D8C1-4E37-A60E-FC13800A61B9}.Release|Any CPU.ActiveCfg = Release|Any CPU
		{D85299A8-D8C1-4E37-A60E-FC13800A61B9}.Release|Any CPU.Build.0 = Release|Any CPU
	EndGlobalSection
	GlobalSection(SolutionProperties) = preSolution
		HideSolutionNode = FALSE
	EndGlobalSection
	GlobalSection(ExtensibilityGlobals) = postSolution
		SolutionGuid = {BF2AE791-CE88-47CC-BDBB-4CE1D79EA0E8}
	EndGlobalSection
EndGlobal
